# This file was autogenerated by uv via the following command:
#    uv pip compile pyproject.toml --extra dev --python-version 3.10 --output-file requirements.lock
annotated-types==0.7.0
    # via pydantic
beautifulsoup4==4.15.0
    # via vnstock (pyproject.toml)
build==1.5.0
    # via vnstock (pyproject.toml)
certifi==2026.6.17
    # via requests
cffi==2.0.0
    # via
    #   cryptography
    #   vnai
cfgv==3.5.0
    # via pre-commit
charset-normalizer==3.4.7
    # via requests
contourpy==1.3.2
    # via matplotlib
coverage==7.14.3
    # via pytest-cov
cryptography==49.0.0
    # via vnstock (pyproject.toml)
cycler==0.12.1
    # via matplotlib
distlib==0.4.3
    # via virtualenv
et-xmlfile==2.0.0
    # via openpyxl
exceptiongroup==1.3.1
    # via pytest
filelock==3.29.4
    # via
    #   python-discovery
    #   virtualenv
fonttools==4.63.0
    # via matplotlib
identify==2.6.19
    # via pre-commit
idna==3.18
    # via requests
importlib-metadata==9.0.0
    # via
    #   vnstock (pyproject.toml)
    #   build
iniconfig==2.3.0
    # via pytest
kiwisolver==1.5.0
    # via matplotlib
matplotlib==3.10.9
    # via seaborn
nodeenv==1.10.0
    # via pre-commit
numpy==2.2.6
    # via
    #   contourpy
    #   matplotlib
    #   pandas
    #   seaborn
openpyxl==3.1.5
    # via vnstock (pyproject.toml)
packaging==26.2
    # via
    #   vnstock (pyproject.toml)
    #   build
    #   matplotlib
    #   pytest
    #   wheel
pandas==2.3.3
    # via
    #   vnstock (pyproject.toml)
    #   seaborn
pillow==12.3.0
    # via matplotlib
platformdirs==4.10.0
    # via
    #   python-discovery
    #   virtualenv
pluggy==1.6.0
    # via
    #   pytest
    #   pytest-cov
pre-commit==4.6.0
    # via vnstock (pyproject.toml)
psutil==7.2.2
    # via
    #   vnstock (pyproject.toml)
    #   vnai
pycparser==3.0
    # via cffi
pydantic==2.13.4
    # via vnstock (pyproject.toml)
pydantic-core==2.46.4
    # via pydantic
pygments==2.20.0
    # via pytest
pyparsing==3.3.2
    # via matplotlib
pyproject-hooks==1.2.0
    # via build
pytest==9.1.1
    # via
    #   vnstock (pyproject.toml)
    #   pytest-cov
    #   pytest-timeout
pytest-cov==7.1.0
    # via vnstock (pyproject.toml)
pytest-timeout==2.4.0
    # via vnstock (pyproject.toml)
python-dateutil==2.9.0.post0
    # via
    #   matplotlib
    #   pandas
python-discovery==1.4.2
    # via virtualenv
pytz==2026.2
    # via
    #   vnstock (pyproject.toml)
    #   pandas
pyyaml==6.0.3
    # via pre-commit
requests==2.34.2
    # via
    #   vnstock (pyproject.toml)
    #   vnai
ruff==0.15.20
    # via vnstock (pyproject.toml)
seaborn==0.13.2
    # via vnstock (pyproject.toml)
setuptools==82.0.1
    # via vnstock (pyproject.toml)
six==1.17.0
    # via python-dateutil
soupsieve==2.8.4
    # via beautifulsoup4
tenacity==9.1.4
    # via vnstock (pyproject.toml)
tomli==2.4.1
    # via
    #   build
    #   coverage
    #   pytest
typing-extensions==4.16.0
    # via
    #   beautifulsoup4
    #   cryptography
    #   exceptiongroup
    #   pydantic
    #   pydantic-core
    #   typing-inspection
    #   virtualenv
typing-inspection==0.4.2
    # via pydantic
tzdata==2026.2
    # via pandas
urllib3==2.7.0
    # via requests
virtualenv==21.5.1
    # via pre-commit
vnai==2.4.9
    # via vnstock (pyproject.toml)
wheel==0.47.0
    # via vnstock (pyproject.toml)
zipp==4.1.0
    # via importlib-metadata
